// !$*UTF8*$!
{
	archiveVersion = 1;
	classes = {
	};
	objectVersion = 46;
	objects = {

/* Begin PBXBuildFile section */
		3F1F0FFC183134CE0061E2AB /* NSArray+USAdditions.m in Sources */ = {isa = PBXBuildFile; fileRef = 3F1F0FFB183134CE0061E2AB /* NSArray+USAdditions.m */; };
		3F3620251831D3C000EB446D /* ChoiceType_H.template in Resources */ = {isa = PBXBuildFile; fileRef = 3F3620231831D3C000EB446D /* ChoiceType_H.template */; };
		3F3620261831D3C000EB446D /* ChoiceType_M.template in Resources */ = {isa = PBXBuildFile; fileRef = 3F3620241831D3C000EB446D /* ChoiceType_M.template */; };
		3F36202D1832882F00EB446D /* ArrayType_H.template in Resources */ = {isa = PBXBuildFile; fileRef = 3F3620271832882F00EB446D /* ArrayType_H.template */; };
		3F36202E1832882F00EB446D /* ArrayType_M.template in Resources */ = {isa = PBXBuildFile; fileRef = 3F3620281832882F00EB446D /* ArrayType_M.template */; };
		3F36202F1832882F00EB446D /* EnumType_H.template in Resources */ = {isa = PBXBuildFile; fileRef = 3F3620291832882F00EB446D /* EnumType_H.template */; };
		3F3620301832882F00EB446D /* EnumType_M.template in Resources */ = {isa = PBXBuildFile; fileRef = 3F36202A1832882F00EB446D /* EnumType_M.template */; };
		3F3620311832882F00EB446D /* PrimitiveType_H.template in Resources */ = {isa = PBXBuildFile; fileRef = 3F36202B1832882F00EB446D /* PrimitiveType_H.template */; };
		3F3620321832882F00EB446D /* PrimitiveType_M.template in Resources */ = {isa = PBXBuildFile; fileRef = 3F36202C1832882F00EB446D /* PrimitiveType_M.template */; };
		3F5B742018294CFC000AA889 /* NSXMLElement+Children.m in Sources */ = {isa = PBXBuildFile; fileRef = 3F5B741F18294CFC000AA889 /* NSXMLElement+Children.m */; };
		3F5B742118294CFC000AA889 /* NSXMLElement+Children.m in Sources */ = {isa = PBXBuildFile; fileRef = 3F5B741F18294CFC000AA889 /* NSXMLElement+Children.m */; };
		621D446C0E6E0BD200CEF901 /* ComplexType_H.template in Resources */ = {isa = PBXBuildFile; fileRef = 6235F00A0E63954100DABBD6 /* ComplexType_H.template */; };
		621D446D0E6E0BD200CEF901 /* ComplexType_M.template in Resources */ = {isa = PBXBuildFile; fileRef = 6235F00D0E63958E00DABBD6 /* ComplexType_M.template */; };
		621D44700E6E0BD200CEF901 /* Schema_H.template in Resources */ = {isa = PBXBuildFile; fileRef = 62BFB2240E648CE100E19E18 /* Schema_H.template */; };
		621D44710E6E0BD200CEF901 /* Schema_M.template in Resources */ = {isa = PBXBuildFile; fileRef = 62BFB2250E648CE900E19E18 /* Schema_M.template */; };
		621D44F60E6E133400CEF901 /* USObjCKeywords.m in Sources */ = {isa = PBXBuildFile; fileRef = 621D44F10E6E119B00CEF901 /* USObjCKeywords.m */; };
		623346330E759A5A0094F6F1 /* NSString+USAdditions.m in Sources */ = {isa = PBXBuildFile; fileRef = 623346320E759A5A0094F6F1 /* NSString+USAdditions.m */; };
		6235EE6F0E63897300DABBD6 /* MainMenu.xib in Resources */ = {isa = PBXBuildFile; fileRef = 6235EE6E0E63897300DABBD6 /* MainMenu.xib */; };
		6235EE970E638B7B00DABBD6 /* LIFO.m in Sources */ = {isa = PBXBuildFile; fileRef = 62D2666F0E6371F900AD9FC9 /* LIFO.m */; };
		6235EE980E638B7B00DABBD6 /* STSNullError.m in Sources */ = {isa = PBXBuildFile; fileRef = 62D266790E6371F900AD9FC9 /* STSNullError.m */; };
		6235EE990E638B7B00DABBD6 /* STSStringOps.m in Sources */ = {isa = PBXBuildFile; fileRef = 62D2667B0E6371F900AD9FC9 /* STSStringOps.m */; };
		6235EE9A0E638B7B00DABBD6 /* STSTemplateEngine.m in Sources */ = {isa = PBXBuildFile; fileRef = 62D2667D0E6371F900AD9FC9 /* STSTemplateEngine.m */; };
		6235EE9B0E638B7B00DABBD6 /* STSTemplateEngineErrors.m in Sources */ = {isa = PBXBuildFile; fileRef = 62D2667F0E6371F900AD9FC9 /* STSTemplateEngineErrors.m */; };
		6235EE9C0E638B7B00DABBD6 /* USAttribute.m in Sources */ = {isa = PBXBuildFile; fileRef = B93FECA70DF76C5A00145322 /* USAttribute.m */; };
		6235EE9F0E638B7B00DABBD6 /* USParser.m in Sources */ = {isa = PBXBuildFile; fileRef = B9FEAA5C0E01F0C1002165CA /* USParser.m */; };
		6235EEA00E638B7B00DABBD6 /* USParserApplication.m in Sources */ = {isa = PBXBuildFile; fileRef = B9FA269B0DA6E901004C7479 /* USParserApplication.m */; };
		6235EEA10E638B7B00DABBD6 /* USSchema.m in Sources */ = {isa = PBXBuildFile; fileRef = B9FEAA8C0E01F59B002165CA /* USSchema.m */; };
		6235EEA50E638B7B00DABBD6 /* USWSDL.m in Sources */ = {isa = PBXBuildFile; fileRef = B9FEAA870E01F4A0002165CA /* USWSDL.m */; };
		6235EEA60E638B7B00DABBD6 /* WSDLParser.m in Sources */ = {isa = PBXBuildFile; fileRef = 08FB7796FE84155DC02AAC07 /* WSDLParser.m */; };
		624063690E70827A006BEB94 /* USPortType.m in Sources */ = {isa = PBXBuildFile; fileRef = 624063680E70827A006BEB94 /* USPortType.m */; };
		6240636C0E708294006BEB94 /* USMessage.m in Sources */ = {isa = PBXBuildFile; fileRef = 624063020E70692E006BEB94 /* USMessage.m */; };
		624063710E7082C9006BEB94 /* USOperation.m in Sources */ = {isa = PBXBuildFile; fileRef = 624063700E7082C9006BEB94 /* USOperation.m */; };
		624063770E708572006BEB94 /* USOperationInterface.m in Sources */ = {isa = PBXBuildFile; fileRef = 624063760E708572006BEB94 /* USOperationInterface.m */; };
		624064770E709575006BEB94 /* USBinding.m in Sources */ = {isa = PBXBuildFile; fileRef = 624064760E709575006BEB94 /* USBinding.m */; };
		6240648D0E709F6B006BEB94 /* USService.m in Sources */ = {isa = PBXBuildFile; fileRef = 6240648C0E709F6B006BEB94 /* USService.m */; };
		624064900E709FAC006BEB94 /* USPort.m in Sources */ = {isa = PBXBuildFile; fileRef = 6240648F0E709FAC006BEB94 /* USPort.m */; };
		6240653B0E70A6B0006BEB94 /* Service_H.template in Resources */ = {isa = PBXBuildFile; fileRef = 624065390E70A6A0006BEB94 /* Service_H.template */; };
		6240653C0E70A6B0006BEB94 /* Service_M.template in Resources */ = {isa = PBXBuildFile; fileRef = 6240653A0E70A6A8006BEB94 /* Service_M.template */; };
		624065F80E70B1F6006BEB94 /* Binding_H.template in Resources */ = {isa = PBXBuildFile; fileRef = 6240653F0E70A8C5006BEB94 /* Binding_H.template */; };
		624065F90E70B1F6006BEB94 /* Binding_M.template in Resources */ = {isa = PBXBuildFile; fileRef = 624065410E70A8D0006BEB94 /* Binding_M.template */; };
		62ADD39A0E6890140052979D /* USParser+Types.m in Sources */ = {isa = PBXBuildFile; fileRef = 62ADD3980E6890140052979D /* USParser+Types.m */; };
		62BF41B90E72009F00FA8190 /* USAdditions_H.template in Resources */ = {isa = PBXBuildFile; fileRef = 62BF41B20E72004900FA8190 /* USAdditions_H.template */; };
		62BF41BA0E72009F00FA8190 /* USAdditions_M.template in Resources */ = {isa = PBXBuildFile; fileRef = 62BF41B30E72004900FA8190 /* USAdditions_M.template */; };
		62BF42350E72099000FA8190 /* NSDate+ISO8601Parsing_H.template in Resources */ = {isa = PBXBuildFile; fileRef = 62BF42030E72073F00FA8190 /* NSDate+ISO8601Parsing_H.template */; };
		62BF42360E72099000FA8190 /* NSDate+ISO8601Parsing_M.template in Resources */ = {isa = PBXBuildFile; fileRef = 62BF42040E72073F00FA8190 /* NSDate+ISO8601Parsing_M.template */; };
		62BF42370E72099000FA8190 /* NSDate+ISO8601Unparsing_H.template in Resources */ = {isa = PBXBuildFile; fileRef = 62BF42050E72073F00FA8190 /* NSDate+ISO8601Unparsing_H.template */; };
		62BF42380E72099000FA8190 /* NSDate+ISO8601Unparsing_M.template in Resources */ = {isa = PBXBuildFile; fileRef = 62BF42060E72073F00FA8190 /* NSDate+ISO8601Unparsing_M.template */; };
		62BFAF790E645D8500E19E18 /* USWriter.m in Sources */ = {isa = PBXBuildFile; fileRef = 62BFAF770E645D8500E19E18 /* USWriter.m */; };
		62BFB31E0E64D15900E19E18 /* USType.m in Sources */ = {isa = PBXBuildFile; fileRef = 62BFB31D0E64D15900E19E18 /* USType.m */; };
		62E6332E0E676DF40072DBDD /* USElement.m in Sources */ = {isa = PBXBuildFile; fileRef = 62E6332C0E676DF40072DBDD /* USElement.m */; };
		62FF1F670E883F1D006D6377 /* USGlobals_H.template in Resources */ = {isa = PBXBuildFile; fileRef = 62FF1EF80E883B8A006D6377 /* USGlobals_H.template */; };
		62FF1F680E883F1D006D6377 /* USGlobals_M.template in Resources */ = {isa = PBXBuildFile; fileRef = 62FF1F010E883C22006D6377 /* USGlobals_M.template */; };
		F4FAC29B1227E4BE006B61BC /* NSString+USAdditions.m in Sources */ = {isa = PBXBuildFile; fileRef = 623346320E759A5A0094F6F1 /* NSString+USAdditions.m */; };
		F4FAC29C1227E4BF006B61BC /* USObjCKeywords.m in Sources */ = {isa = PBXBuildFile; fileRef = 621D44F10E6E119B00CEF901 /* USObjCKeywords.m */; };
		F4FAC29E1227E4C5006B61BC /* USAttribute.m in Sources */ = {isa = PBXBuildFile; fileRef = B93FECA70DF76C5A00145322 /* USAttribute.m */; };
		F4FAC29F1227E4C7006B61BC /* USBinding.m in Sources */ = {isa = PBXBuildFile; fileRef = 624064760E709575006BEB94 /* USBinding.m */; };
		F4FAC2A01227E4C8006B61BC /* USElement.m in Sources */ = {isa = PBXBuildFile; fileRef = 62E6332C0E676DF40072DBDD /* USElement.m */; };
		F4FAC2A11227E4C9006B61BC /* USMessage.m in Sources */ = {isa = PBXBuildFile; fileRef = 624063020E70692E006BEB94 /* USMessage.m */; };
		F4FAC2A21227E4CA006B61BC /* USOperation.m in Sources */ = {isa = PBXBuildFile; fileRef = 624063700E7082C9006BEB94 /* USOperation.m */; };
		F4FAC2A41227E4CD006B61BC /* USOperationInterface.m in Sources */ = {isa = PBXBuildFile; fileRef = 624063760E708572006BEB94 /* USOperationInterface.m */; };
		F4FAC2A91227E4D5006B61BC /* USParser+Types.m in Sources */ = {isa = PBXBuildFile; fileRef = 62ADD3980E6890140052979D /* USParser+Types.m */; };
		F4FAC2AA1227E4D6006B61BC /* USParser.m in Sources */ = {isa = PBXBuildFile; fileRef = B9FEAA5C0E01F0C1002165CA /* USParser.m */; };
		F4FAC2AB1227E4DA006B61BC /* USParserApplication.m in Sources */ = {isa = PBXBuildFile; fileRef = B9FA269B0DA6E901004C7479 /* USParserApplication.m */; };
		F4FAC2AD1227E4DC006B61BC /* USPort.m in Sources */ = {isa = PBXBuildFile; fileRef = 6240648F0E709FAC006BEB94 /* USPort.m */; };
		F4FAC2AE1227E4DD006B61BC /* USPortType.m in Sources */ = {isa = PBXBuildFile; fileRef = 624063680E70827A006BEB94 /* USPortType.m */; };
		F4FAC2AF1227E4DF006B61BC /* USSchema.m in Sources */ = {isa = PBXBuildFile; fileRef = B9FEAA8C0E01F59B002165CA /* USSchema.m */; };
		F4FAC2B11227E4E3006B61BC /* USService.m in Sources */ = {isa = PBXBuildFile; fileRef = 6240648C0E709F6B006BEB94 /* USService.m */; };
		F4FAC2B21227E4E4006B61BC /* USType.m in Sources */ = {isa = PBXBuildFile; fileRef = 62BFB31D0E64D15900E19E18 /* USType.m */; };
		F4FAC2B31227E4E5006B61BC /* USWriter.m in Sources */ = {isa = PBXBuildFile; fileRef = 62BFAF770E645D8500E19E18 /* USWriter.m */; };
		F4FAC2B41227E4E6006B61BC /* USWSDL.m in Sources */ = {isa = PBXBuildFile; fileRef = B9FEAA870E01F4A0002165CA /* USWSDL.m */; };
		F4FAC2B51227E4F0006B61BC /* LIFO.m in Sources */ = {isa = PBXBuildFile; fileRef = 62D2666F0E6371F900AD9FC9 /* LIFO.m */; };
		F4FAC2B61227E4F2006B61BC /* STSNullError.m in Sources */ = {isa = PBXBuildFile; fileRef = 62D266790E6371F900AD9FC9 /* STSNullError.m */; };
		F4FAC2B71227E4F3006B61BC /* STSStringOps.m in Sources */ = {isa = PBXBuildFile; fileRef = 62D2667B0E6371F900AD9FC9 /* STSStringOps.m */; };
		F4FAC2B81227E4F4006B61BC /* STSTemplateEngine.m in Sources */ = {isa = PBXBuildFile; fileRef = 62D2667D0E6371F900AD9FC9 /* STSTemplateEngine.m */; };
		F4FAC2B91227E4F6006B61BC /* STSTemplateEngineErrors.m in Sources */ = {isa = PBXBuildFile; fileRef = 62D2667F0E6371F900AD9FC9 /* STSTemplateEngineErrors.m */; };
		F4FAC2C31227E7DF006B61BC /* main.m in Sources */ = {isa = PBXBuildFile; fileRef = F4FAC2C21227E7DF006B61BC /* main.m */; };
		F4FAC31C1227F0F9006B61BC /* NSBundle+USAdditions.m in Sources */ = {isa = PBXBuildFile; fileRef = F4FAC31B1227F0F9006B61BC /* NSBundle+USAdditions.m */; };
		F4FAC31D1227F0F9006B61BC /* NSBundle+USAdditions.m in Sources */ = {isa = PBXBuildFile; fileRef = F4FAC31B1227F0F9006B61BC /* NSBundle+USAdditions.m */; };
/* End PBXBuildFile section */

/* Begin PBXFileReference section */
		08FB7796FE84155DC02AAC07 /* WSDLParser.m */ = {isa = PBXFileReference; fileEncoding = 4; lastKnownFileType = sourcecode.c.objc; path = WSDLParser.m; sourceTree = "<group>"; };
		08FB779EFE84155DC02AAC07 /* Foundation.framework */ = {isa = PBXFileReference; lastKnownFileType = wrapper.framework; name = Foundation.framework; path = /System/Library/Frameworks/Foundation.framework; sourceTree = "<absolute>"; };
		32A70AAB03705E1F00C91783 /* WSDLParser_Prefix.pch */ = {isa = PBXFileReference; fileEncoding = 4; lastKnownFileType = sourcecode.c.h; path = WSDLParser_Prefix.pch; sourceTree = "<group>"; };
		3F1F0FFA183134CE0061E2AB /* NSArray+USAdditions.h */ = {isa = PBXFileReference; fileEncoding = 4; lastKnownFileType = sourcecode.c.h; path = "NSArray+USAdditions.h"; sourceTree = "<group>"; };
		3F1F0FFB183134CE0061E2AB /* NSArray+USAdditions.m */ = {isa = PBXFileReference; fileEncoding = 4; lastKnownFileType = sourcecode.c.objc; path = "NSArray+USAdditions.m"; sourceTree = "<group>"; };
		3F3620231831D3C000EB446D /* ChoiceType_H.template */ = {isa = PBXFileReference; explicitFileType = text; fileEncoding = 4; path = ChoiceType_H.template; sourceTree = "<group>"; usesTabs = 0; };
		3F3620241831D3C000EB446D /* ChoiceType_M.template */ = {isa = PBXFileReference; explicitFileType = text; fileEncoding = 4; path = ChoiceType_M.template; sourceTree = "<group>"; usesTabs = 0; };
		3F3620271832882F00EB446D /* ArrayType_H.template */ = {isa = PBXFileReference; explicitFileType = text; fileEncoding = 4; path = ArrayType_H.template; sourceTree = "<group>"; };
		3F3620281832882F00EB446D /* ArrayType_M.template */ = {isa = PBXFileReference; explicitFileType = text; fileEncoding = 4; path = ArrayType_M.template; sourceTree = "<group>"; };
		3F3620291832882F00EB446D /* EnumType_H.template */ = {isa = PBXFileReference; explicitFileType = text; fileEncoding = 4; path = EnumType_H.template; sourceTree = "<group>"; };
		3F36202A1832882F00EB446D /* EnumType_M.template */ = {isa = PBXFileReference; explicitFileType = text; fileEncoding = 4; path = EnumType_M.template; sourceTree = "<group>"; };
		3F36202B1832882F00EB446D /* PrimitiveType_H.template */ = {isa = PBXFileReference; explicitFileType = text; fileEncoding = 4; path = PrimitiveType_H.template; sourceTree = "<group>"; };
		3F36202C1832882F00EB446D /* PrimitiveType_M.template */ = {isa = PBXFileReference; explicitFileType = text; fileEncoding = 4; path = PrimitiveType_M.template; sourceTree = "<group>"; };
		3F5B741E18294CFC000AA889 /* NSXMLElement+Children.h */ = {isa = PBXFileReference; fileEncoding = 4; lastKnownFileType = sourcecode.c.h; name = "NSXMLElement+Children.h"; path = "Classes/NSXMLElement+Children.h"; sourceTree = SOURCE_ROOT; };
		3F5B741F18294CFC000AA889 /* NSXMLElement+Children.m */ = {isa = PBXFileReference; fileEncoding = 4; lastKnownFileType = sourcecode.c.objc; name = "NSXMLElement+Children.m"; path = "Classes/NSXMLElement+Children.m"; sourceTree = SOURCE_ROOT; };
		621D44F00E6E119B00CEF901 /* USObjCKeywords.h */ = {isa = PBXFileReference; fileEncoding = 4; lastKnownFileType = sourcecode.c.h; path = USObjCKeywords.h; sourceTree = "<group>"; };
		621D44F10E6E119B00CEF901 /* USObjCKeywords.m */ = {isa = PBXFileReference; fileEncoding = 4; lastKnownFileType = sourcecode.c.objc; path = USObjCKeywords.m; sourceTree = "<group>"; };
		623346310E759A5A0094F6F1 /* NSString+USAdditions.h */ = {isa = PBXFileReference; fileEncoding = 4; lastKnownFileType = sourcecode.c.h; path = "NSString+USAdditions.h"; sourceTree = "<group>"; };
		623346320E759A5A0094F6F1 /* NSString+USAdditions.m */ = {isa = PBXFileReference; fileEncoding = 4; lastKnownFileType = sourcecode.c.objc; path = "NSString+USAdditions.m"; sourceTree = "<group>"; };
		6235ED0C0E63887A00DABBD6 /* WSDLParser.app */ = {isa = PBXFileReference; explicitFileType = wrapper.application; includeInIndex = 0; path = WSDLParser.app; sourceTree = BUILT_PRODUCTS_DIR; };
		6235ED0E0E63887A00DABBD6 /* WSDL2ObjC-Info.plist */ = {isa = PBXFileReference; lastKnownFileType = text.plist.xml; path = "WSDL2ObjC-Info.plist"; sourceTree = "<group>"; };
		6235EE6E0E63897300DABBD6 /* MainMenu.xib */ = {isa = PBXFileReference; lastKnownFileType = file.xib; path = MainMenu.xib; sourceTree = "<group>"; };
		6235F00A0E63954100DABBD6 /* ComplexType_H.template */ = {isa = PBXFileReference; explicitFileType = text; fileEncoding = 4; includeInIndex = 0; path = ComplexType_H.template; sourceTree = "<group>"; usesTabs = 0; };
		6235F00D0E63958E00DABBD6 /* ComplexType_M.template */ = {isa = PBXFileReference; explicitFileType = text; fileEncoding = 4; includeInIndex = 0; path = ComplexType_M.template; sourceTree = "<group>"; usesTabs = 0; };
		624063010E70692E006BEB94 /* USMessage.h */ = {isa = PBXFileReference; fileEncoding = 4; lastKnownFileType = sourcecode.c.h; path = USMessage.h; sourceTree = "<group>"; };
		624063020E70692E006BEB94 /* USMessage.m */ = {isa = PBXFileReference; fileEncoding = 4; lastKnownFileType = sourcecode.c.objc; path = USMessage.m; sourceTree = "<group>"; };
		624063670E70827A006BEB94 /* USPortType.h */ = {isa = PBXFileReference; fileEncoding = 4; lastKnownFileType = sourcecode.c.h; path = USPortType.h; sourceTree = "<group>"; };
		624063680E70827A006BEB94 /* USPortType.m */ = {isa = PBXFileReference; fileEncoding = 4; lastKnownFileType = sourcecode.c.objc; path = USPortType.m; sourceTree = "<group>"; };
		6240636F0E7082C9006BEB94 /* USOperation.h */ = {isa = PBXFileReference; fileEncoding = 4; lastKnownFileType = sourcecode.c.h; path = USOperation.h; sourceTree = "<group>"; };
		624063700E7082C9006BEB94 /* USOperation.m */ = {isa = PBXFileReference; fileEncoding = 4; lastKnownFileType = sourcecode.c.objc; path = USOperation.m; sourceTree = "<group>"; };
		624063750E708572006BEB94 /* USOperationInterface.h */ = {isa = PBXFileReference; fileEncoding = 4; lastKnownFileType = sourcecode.c.h; path = USOperationInterface.h; sourceTree = "<group>"; };
		624063760E708572006BEB94 /* USOperationInterface.m */ = {isa = PBXFileReference; fileEncoding = 4; lastKnownFileType = sourcecode.c.objc; path = USOperationInterface.m; sourceTree = "<group>"; };
		624064750E709575006BEB94 /* USBinding.h */ = {isa = PBXFileReference; fileEncoding = 4; lastKnownFileType = sourcecode.c.h; path = USBinding.h; sourceTree = "<group>"; };
		624064760E709575006BEB94 /* USBinding.m */ = {isa = PBXFileReference; fileEncoding = 4; lastKnownFileType = sourcecode.c.objc; path = USBinding.m; sourceTree = "<group>"; };
		6240648B0E709F6B006BEB94 /* USService.h */ = {isa = PBXFileReference; fileEncoding = 4; lastKnownFileType = sourcecode.c.h; path = USService.h; sourceTree = "<group>"; };
		6240648C0E709F6B006BEB94 /* USService.m */ = {isa = PBXFileReference; fileEncoding = 4; lastKnownFileType = sourcecode.c.objc; path = USService.m; sourceTree = "<group>"; };
		6240648E0E709FAC006BEB94 /* USPort.h */ = {isa = PBXFileReference; fileEncoding = 4; lastKnownFileType = sourcecode.c.h; path = USPort.h; sourceTree = "<group>"; };
		6240648F0E709FAC006BEB94 /* USPort.m */ = {isa = PBXFileReference; fileEncoding = 4; lastKnownFileType = sourcecode.c.objc; path = USPort.m; sourceTree = "<group>"; };
		624065390E70A6A0006BEB94 /* Service_H.template */ = {isa = PBXFileReference; explicitFileType = text; fileEncoding = 4; includeInIndex = 0; path = Service_H.template; sourceTree = "<group>"; usesTabs = 0; };
		6240653A0E70A6A8006BEB94 /* Service_M.template */ = {isa = PBXFileReference; explicitFileType = text; fileEncoding = 4; includeInIndex = 0; path = Service_M.template; sourceTree = "<group>"; usesTabs = 0; };
		6240653F0E70A8C5006BEB94 /* Binding_H.template */ = {isa = PBXFileReference; explicitFileType = text; fileEncoding = 4; includeInIndex = 0; path = Binding_H.template; sourceTree = "<group>"; usesTabs = 0; };
		624065410E70A8D0006BEB94 /* Binding_M.template */ = {isa = PBXFileReference; explicitFileType = text; fileEncoding = 4; includeInIndex = 0; path = Binding_M.template; sourceTree = "<group>"; tabWidth = 4; usesTabs = 0; };
		62ADD3970E6890140052979D /* USParser+Types.h */ = {isa = PBXFileReference; fileEncoding = 4; lastKnownFileType = sourcecode.c.h; path = "USParser+Types.h"; sourceTree = "<group>"; };
		62ADD3980E6890140052979D /* USParser+Types.m */ = {isa = PBXFileReference; fileEncoding = 4; lastKnownFileType = sourcecode.c.objc; path = "USParser+Types.m"; sourceTree = "<group>"; };
		62ADD8740E68C16B0052979D /* Cocoa.framework */ = {isa = PBXFileReference; lastKnownFileType = wrapper.framework; name = Cocoa.framework; path = System/Library/Frameworks/Cocoa.framework; sourceTree = SDKROOT; };
		62BF41B20E72004900FA8190 /* USAdditions_H.template */ = {isa = PBXFileReference; explicitFileType = text; fileEncoding = 4; includeInIndex = 0; path = USAdditions_H.template; sourceTree = "<group>"; usesTabs = 1; };
		62BF41B30E72004900FA8190 /* USAdditions_M.template */ = {isa = PBXFileReference; explicitFileType = text; fileEncoding = 4; includeInIndex = 0; path = USAdditions_M.template; sourceTree = "<group>"; usesTabs = 1; };
		62BF42030E72073F00FA8190 /* NSDate+ISO8601Parsing_H.template */ = {isa = PBXFileReference; explicitFileType = text; fileEncoding = 4; includeInIndex = 0; path = "NSDate+ISO8601Parsing_H.template"; sourceTree = "<group>"; usesTabs = 1; };
		62BF42040E72073F00FA8190 /* NSDate+ISO8601Parsing_M.template */ = {isa = PBXFileReference; explicitFileType = text; fileEncoding = 4; includeInIndex = 0; path = "NSDate+ISO8601Parsing_M.template"; sourceTree = "<group>"; usesTabs = 1; };
		62BF42050E72073F00FA8190 /* NSDate+ISO8601Unparsing_H.template */ = {isa = PBXFileReference; explicitFileType = text; fileEncoding = 4; includeInIndex = 0; path = "NSDate+ISO8601Unparsing_H.template"; sourceTree = "<group>"; usesTabs = 1; };
		62BF42060E72073F00FA8190 /* NSDate+ISO8601Unparsing_M.template */ = {isa = PBXFileReference; explicitFileType = text; fileEncoding = 4; includeInIndex = 0; path = "NSDate+ISO8601Unparsing_M.template"; sourceTree = "<group>"; usesTabs = 1; };
		62BFAF760E645D8500E19E18 /* USWriter.h */ = {isa = PBXFileReference; fileEncoding = 4; lastKnownFileType = sourcecode.c.h; path = USWriter.h; sourceTree = "<group>"; };
		62BFAF770E645D8500E19E18 /* USWriter.m */ = {isa = PBXFileReference; fileEncoding = 4; lastKnownFileType = sourcecode.c.objc; path = USWriter.m; sourceTree = "<group>"; };
		62BFB2240E648CE100E19E18 /* Schema_H.template */ = {isa = PBXFileReference; explicitFileType = text; fileEncoding = 4; includeInIndex = 0; path = Schema_H.template; sourceTree = "<group>"; usesTabs = 0; };
		62BFB2250E648CE900E19E18 /* Schema_M.template */ = {isa = PBXFileReference; explicitFileType = text; fileEncoding = 4; includeInIndex = 0; path = Schema_M.template; sourceTree = "<group>"; usesTabs = 0; };
		62BFB31D0E64D15900E19E18 /* USType.m */ = {isa = PBXFileReference; fileEncoding = 4; lastKnownFileType = sourcecode.c.objc; path = USType.m; sourceTree = "<group>"; };
		62D2666E0E6371F900AD9FC9 /* LIFO.h */ = {isa = PBXFileReference; fileEncoding = 4; lastKnownFileType = sourcecode.c.h; path = LIFO.h; sourceTree = "<group>"; };
		62D2666F0E6371F900AD9FC9 /* LIFO.m */ = {isa = PBXFileReference; fileEncoding = 4; lastKnownFileType = sourcecode.c.objc; path = LIFO.m; sourceTree = "<group>"; };
		62D266700E6371F900AD9FC9 /* README.TEMPLATE_ENGINE */ = {isa = PBXFileReference; fileEncoding = 4; lastKnownFileType = text; path = README.TEMPLATE_ENGINE; sourceTree = "<group>"; };
		62D266760E6371F900AD9FC9 /* STS Template Engine Documentation.pdf */ = {isa = PBXFileReference; lastKnownFileType = image.pdf; path = "STS Template Engine Documentation.pdf"; sourceTree = "<group>"; };
		62D266770E6371F900AD9FC9 /* STS Template Engine License.rtf */ = {isa = PBXFileReference; lastKnownFileType = text.rtf; path = "STS Template Engine License.rtf"; sourceTree = "<group>"; };
		62D266780E6371F900AD9FC9 /* STSNullError.h */ = {isa = PBXFileReference; fileEncoding = 4; lastKnownFileType = sourcecode.c.h; path = STSNullError.h; sourceTree = "<group>"; };
		62D266790E6371F900AD9FC9 /* STSNullError.m */ = {isa = PBXFileReference; fileEncoding = 4; lastKnownFileType = sourcecode.c.objc; path = STSNullError.m; sourceTree = "<group>"; };
		62D2667A0E6371F900AD9FC9 /* STSStringOps.h */ = {isa = PBXFileReference; fileEncoding = 4; lastKnownFileType = sourcecode.c.h; path = STSStringOps.h; sourceTree = "<group>"; };
		62D2667B0E6371F900AD9FC9 /* STSStringOps.m */ = {isa = PBXFileReference; fileEncoding = 4; lastKnownFileType = sourcecode.c.objc; path = STSStringOps.m; sourceTree = "<group>"; };
		62D2667C0E6371F900AD9FC9 /* STSTemplateEngine.h */ = {isa = PBXFileReference; fileEncoding = 4; lastKnownFileType = sourcecode.c.h; path = STSTemplateEngine.h; sourceTree = "<group>"; };
		62D2667D0E6371F900AD9FC9 /* STSTemplateEngine.m */ = {isa = PBXFileReference; fileEncoding = 4; lastKnownFileType = sourcecode.c.objc; path = STSTemplateEngine.m; sourceTree = "<group>"; };
		62D2667E0E6371F900AD9FC9 /* STSTemplateEngineErrors.h */ = {isa = PBXFileReference; fileEncoding = 4; lastKnownFileType = sourcecode.c.h; path = STSTemplateEngineErrors.h; sourceTree = "<group>"; };
		62D2667F0E6371F900AD9FC9 /* STSTemplateEngineErrors.m */ = {isa = PBXFileReference; fileEncoding = 4; lastKnownFileType = sourcecode.c.objc; path = STSTemplateEngineErrors.m; sourceTree = "<group>"; };
		62D266800E6371F900AD9FC9 /* Sunrise Telephone Systems.webloc */ = {isa = PBXFileReference; fileEncoding = 4; lastKnownFileType = text; path = "Sunrise Telephone Systems.webloc"; sourceTree = "<group>"; };
		62E6332B0E676DF40072DBDD /* USElement.h */ = {isa = PBXFileReference; fileEncoding = 4; lastKnownFileType = sourcecode.c.h; path = USElement.h; sourceTree = "<group>"; };
		62E6332C0E676DF40072DBDD /* USElement.m */ = {isa = PBXFileReference; fileEncoding = 4; lastKnownFileType = sourcecode.c.objc; path = USElement.m; sourceTree = "<group>"; };
		62FF1EF80E883B8A006D6377 /* USGlobals_H.template */ = {isa = PBXFileReference; explicitFileType = text; fileEncoding = 4; includeInIndex = 0; path = USGlobals_H.template; sourceTree = "<group>"; usesTabs = 1; };
		62FF1F010E883C22006D6377 /* USGlobals_M.template */ = {isa = PBXFileReference; explicitFileType = text; fileEncoding = 4; includeInIndex = 0; path = USGlobals_M.template; sourceTree = "<group>"; usesTabs = 1; };
		62FF20A80E8847FD006D6377 /* CHANGELOG */ = {isa = PBXFileReference; fileEncoding = 4; lastKnownFileType = text; path = CHANGELOG; sourceTree = "<group>"; };
		B93FECA60DF76C5A00145322 /* USAttribute.h */ = {isa = PBXFileReference; fileEncoding = 4; lastKnownFileType = sourcecode.c.h; path = USAttribute.h; sourceTree = "<group>"; };
		B93FECA70DF76C5A00145322 /* USAttribute.m */ = {isa = PBXFileReference; fileEncoding = 4; lastKnownFileType = sourcecode.c.objc; path = USAttribute.m; sourceTree = "<group>"; };
		B97798C60DF45829000F758E /* USType.h */ = {isa = PBXFileReference; fileEncoding = 4; lastKnownFileType = sourcecode.c.h; path = USType.h; sourceTree = "<group>"; };
		B9FA269A0DA6E901004C7479 /* USParserApplication.h */ = {isa = PBXFileReference; fileEncoding = 4; lastKnownFileType = sourcecode.c.h; path = USParserApplication.h; sourceTree = "<group>"; };
		B9FA269B0DA6E901004C7479 /* USParserApplication.m */ = {isa = PBXFileReference; fileEncoding = 4; lastKnownFileType = sourcecode.c.objc; path = USParserApplication.m; sourceTree = "<group>"; };
		B9FEAA5B0E01F0C1002165CA /* USParser.h */ = {isa = PBXFileReference; fileEncoding = 4; lastKnownFileType = sourcecode.c.h; path = USParser.h; sourceTree = "<group>"; };
		B9FEAA5C0E01F0C1002165CA /* USParser.m */ = {isa = PBXFileReference; fileEncoding = 4; lastKnownFileType = sourcecode.c.objc; path = USParser.m; sourceTree = "<group>"; };
		B9FEAA860E01F4A0002165CA /* USWSDL.h */ = {isa = PBXFileReference; fileEncoding = 4; lastKnownFileType = sourcecode.c.h; path = USWSDL.h; sourceTree = "<group>"; };
		B9FEAA870E01F4A0002165CA /* USWSDL.m */ = {isa = PBXFileReference; fileEncoding = 4; lastKnownFileType = sourcecode.c.objc; path = USWSDL.m; sourceTree = "<group>"; };
		B9FEAA8B0E01F59B002165CA /* USSchema.h */ = {isa = PBXFileReference; fileEncoding = 4; lastKnownFileType = sourcecode.c.h; name = USSchema.h; path = Types/USSchema.h; sourceTree = "<group>"; };
		B9FEAA8C0E01F59B002165CA /* USSchema.m */ = {isa = PBXFileReference; fileEncoding = 4; lastKnownFileType = sourcecode.c.objc; name = USSchema.m; path = Types/USSchema.m; sourceTree = "<group>"; };
		F4FAC2931227E364006B61BC /* wsdl2objc */ = {isa = PBXFileReference; explicitFileType = "compiled.mach-o.executable"; includeInIndex = 0; path = wsdl2objc; sourceTree = BUILT_PRODUCTS_DIR; };
		F4FAC2C21227E7DF006B61BC /* main.m */ = {isa = PBXFileReference; fileEncoding = 4; lastKnownFileType = sourcecode.c.objc; path = main.m; sourceTree = "<group>"; };
		F4FAC3061227EE32006B61BC /* Info.plist */ = {isa = PBXFileReference; fileEncoding = 4; lastKnownFileType = text.plist.xml; path = Info.plist; sourceTree = "<group>"; };
		F4FAC31A1227F0F9006B61BC /* NSBundle+USAdditions.h */ = {isa = PBXFileReference; fileEncoding = 4; lastKnownFileType = sourcecode.c.h; path = "NSBundle+USAdditions.h"; sourceTree = "<group>"; };
		F4FAC31B1227F0F9006B61BC /* NSBundle+USAdditions.m */ = {isa = PBXFileReference; fileEncoding = 4; lastKnownFileType = sourcecode.c.objc; path = "NSBundle+USAdditions.m"; sourceTree = "<group>"; };
/* End PBXFileReference section */

/* Begin PBXFrameworksBuildPhase section */
		6235ED0A0E63887A00DABBD6 /* Frameworks */ = {
			isa = PBXFrameworksBuildPhase;
			buildActionMask = 2147483647;
			files = (
			);
			runOnlyForDeploymentPostprocessing = 0;
		};
		F4FAC2911227E364006B61BC /* Frameworks */ = {
			isa = PBXFrameworksBuildPhase;
			buildActionMask = 2147483647;
			files = (
			);
			runOnlyForDeploymentPostprocessing = 0;
		};
/* End PBXFrameworksBuildPhase section */

/* Begin PBXGroup section */
		08FB7794FE84155DC02AAC07 /* WSDLParser */ = {
			isa = PBXGroup;
			children = (
				F4FAC3071227EE9F006B61BC /* CLI */,
				62D2666D0E6371F900AD9FC9 /* STSTemplateEngine */,
				6235ECF60E6386D200DABBD6 /* Templates */,
				B9FA26940DA6E8DD004C7479 /* Classes */,
				08FB7795FE84155DC02AAC07 /* Source */,
				6235EE6D0E63896000DABBD6 /* Resources */,
				08FB779DFE84155DC02AAC07 /* External Frameworks and Libraries */,
				1AB674ADFE9D54B511CA2CBB /* Products */,
				6235ED0E0E63887A00DABBD6 /* WSDL2ObjC-Info.plist */,
				62FF20A80E8847FD006D6377 /* CHANGELOG */,
			);
			name = WSDLParser;
			sourceTree = "<group>";
		};
		08FB7795FE84155DC02AAC07 /* Source */ = {
			isa = PBXGroup;
			children = (
				3F1F0FFA183134CE0061E2AB /* NSArray+USAdditions.h */,
				3F1F0FFB183134CE0061E2AB /* NSArray+USAdditions.m */,
				F4FAC31A1227F0F9006B61BC /* NSBundle+USAdditions.h */,
				F4FAC31B1227F0F9006B61BC /* NSBundle+USAdditions.m */,
				623346310E759A5A0094F6F1 /* NSString+USAdditions.h */,
				623346320E759A5A0094F6F1 /* NSString+USAdditions.m */,
				621D44F00E6E119B00CEF901 /* USObjCKeywords.h */,
				621D44F10E6E119B00CEF901 /* USObjCKeywords.m */,
				08FB7796FE84155DC02AAC07 /* WSDLParser.m */,
				32A70AAB03705E1F00C91783 /* WSDLParser_Prefix.pch */,
			);
			name = Source;
			sourceTree = "<group>";
		};
		08FB779DFE84155DC02AAC07 /* External Frameworks and Libraries */ = {
			isa = PBXGroup;
			children = (
				62ADD8740E68C16B0052979D /* Cocoa.framework */,
				08FB779EFE84155DC02AAC07 /* Foundation.framework */,
			);
			name = "External Frameworks and Libraries";
			sourceTree = "<group>";
		};
		1AB674ADFE9D54B511CA2CBB /* Products */ = {
			isa = PBXGroup;
			children = (
				F4FAC2931227E364006B61BC /* wsdl2objc */,
				6235ED0C0E63887A00DABBD6 /* WSDLParser.app */,
			);
			name = Products;
			sourceTree = "<group>";
		};
		621D458A0E6E18A900CEF901 /* Messages */ = {
			isa = PBXGroup;
			children = (
				624063010E70692E006BEB94 /* USMessage.h */,
				624063020E70692E006BEB94 /* USMessage.m */,
			);
			name = Messages;
			sourceTree = "<group>";
		};
		621D458B0E6E18C500CEF901 /* PortTypes */ = {
			isa = PBXGroup;
			children = (
				624063670E70827A006BEB94 /* USPortType.h */,
				624063680E70827A006BEB94 /* USPortType.m */,
			);
			name = PortTypes;
			sourceTree = "<group>";
		};
		621D458D0E6E195C00CEF901 /* Bindings */ = {
			isa = PBXGroup;
			children = (
				624064750E709575006BEB94 /* USBinding.h */,
				624064760E709575006BEB94 /* USBinding.m */,
				6240636F0E7082C9006BEB94 /* USOperation.h */,
				624063700E7082C9006BEB94 /* USOperation.m */,
				624063750E708572006BEB94 /* USOperationInterface.h */,
				624063760E708572006BEB94 /* USOperationInterface.m */,
			);
			name = Bindings;
			sourceTree = "<group>";
		};
		621D458E0E6E196300CEF901 /* Services */ = {
			isa = PBXGroup;
			children = (
				6240648E0E709FAC006BEB94 /* USPort.h */,
				6240648F0E709FAC006BEB94 /* USPort.m */,
				6240648B0E709F6B006BEB94 /* USService.h */,
				6240648C0E709F6B006BEB94 /* USService.m */,
			);
			name = Services;
			sourceTree = "<group>";
		};
		6222413F0E7722A7005D3D36 /* NSDate_ISO8601 */ = {
			isa = PBXGroup;
			children = (
				62BF42030E72073F00FA8190 /* NSDate+ISO8601Parsing_H.template */,
				62BF42040E72073F00FA8190 /* NSDate+ISO8601Parsing_M.template */,
				62BF42050E72073F00FA8190 /* NSDate+ISO8601Unparsing_H.template */,
				62BF42060E72073F00FA8190 /* NSDate+ISO8601Unparsing_M.template */,
			);
			name = NSDate_ISO8601;
			sourceTree = "<group>";
		};
		622241410E7722D4005D3D36 /* WSDL2ObjC Standard Additions */ = {
			isa = PBXGroup;
			children = (
				62BF41B20E72004900FA8190 /* USAdditions_H.template */,
				62BF41B30E72004900FA8190 /* USAdditions_M.template */,
				62FF1EF80E883B8A006D6377 /* USGlobals_H.template */,
				62FF1F010E883C22006D6377 /* USGlobals_M.template */,
			);
			name = "WSDL2ObjC Standard Additions";
			sourceTree = "<group>";
		};
		6235ECF60E6386D200DABBD6 /* Templates */ = {
			isa = PBXGroup;
			children = (
				6222413F0E7722A7005D3D36 /* NSDate_ISO8601 */,
				622241410E7722D4005D3D36 /* WSDL2ObjC Standard Additions */,
				3F3620271832882F00EB446D /* ArrayType_H.template */,
				3F3620281832882F00EB446D /* ArrayType_M.template */,
				6240653F0E70A8C5006BEB94 /* Binding_H.template */,
				624065410E70A8D0006BEB94 /* Binding_M.template */,
				3F3620231831D3C000EB446D /* ChoiceType_H.template */,
				3F3620241831D3C000EB446D /* ChoiceType_M.template */,
				6235F00A0E63954100DABBD6 /* ComplexType_H.template */,
				6235F00D0E63958E00DABBD6 /* ComplexType_M.template */,
				3F3620291832882F00EB446D /* EnumType_H.template */,
				3F36202A1832882F00EB446D /* EnumType_M.template */,
				3F36202B1832882F00EB446D /* PrimitiveType_H.template */,
				3F36202C1832882F00EB446D /* PrimitiveType_M.template */,
				62BFB2240E648CE100E19E18 /* Schema_H.template */,
				62BFB2250E648CE900E19E18 /* Schema_M.template */,
				624065390E70A6A0006BEB94 /* Service_H.template */,
				6240653A0E70A6A8006BEB94 /* Service_M.template */,
			);
			path = Templates;
			sourceTree = "<group>";
		};
		6235EE6D0E63896000DABBD6 /* Resources */ = {
			isa = PBXGroup;
			children = (
				6235EE6E0E63897300DABBD6 /* MainMenu.xib */,
			);
			name = Resources;
			sourceTree = "<group>";
		};
		62ADD38C0E688F290052979D /* Types */ = {
			isa = PBXGroup;
			children = (
				B93FECA60DF76C5A00145322 /* USAttribute.h */,
				B93FECA70DF76C5A00145322 /* USAttribute.m */,
				62E6332B0E676DF40072DBDD /* USElement.h */,
				62E6332C0E676DF40072DBDD /* USElement.m */,
				62ADD3970E6890140052979D /* USParser+Types.h */,
				62ADD3980E6890140052979D /* USParser+Types.m */,
				B97798C60DF45829000F758E /* USType.h */,
				62BFB31D0E64D15900E19E18 /* USType.m */,
			);
			path = Types;
			sourceTree = "<group>";
		};
		62D2666D0E6371F900AD9FC9 /* STSTemplateEngine */ = {
			isa = PBXGroup;
			children = (
				62D2666E0E6371F900AD9FC9 /* LIFO.h */,
				62D2666F0E6371F900AD9FC9 /* LIFO.m */,
				62D266700E6371F900AD9FC9 /* README.TEMPLATE_ENGINE */,
				62D266760E6371F900AD9FC9 /* STS Template Engine Documentation.pdf */,
				62D266770E6371F900AD9FC9 /* STS Template Engine License.rtf */,
				62D266780E6371F900AD9FC9 /* STSNullError.h */,
				62D266790E6371F900AD9FC9 /* STSNullError.m */,
				62D2667A0E6371F900AD9FC9 /* STSStringOps.h */,
				62D2667B0E6371F900AD9FC9 /* STSStringOps.m */,
				62D2667C0E6371F900AD9FC9 /* STSTemplateEngine.h */,
				62D2667D0E6371F900AD9FC9 /* STSTemplateEngine.m */,
				62D2667E0E6371F900AD9FC9 /* STSTemplateEngineErrors.h */,
				62D2667F0E6371F900AD9FC9 /* STSTemplateEngineErrors.m */,
				62D266800E6371F900AD9FC9 /* Sunrise Telephone Systems.webloc */,
			);
			path = STSTemplateEngine;
			sourceTree = "<group>";
		};
		B9FA26940DA6E8DD004C7479 /* Classes */ = {
			isa = PBXGroup;
			children = (
				621D458D0E6E195C00CEF901 /* Bindings */,
				621D458A0E6E18A900CEF901 /* Messages */,
				621D458B0E6E18C500CEF901 /* PortTypes */,
				621D458E0E6E196300CEF901 /* Services */,
				62ADD38C0E688F290052979D /* Types */,
				3F5B741E18294CFC000AA889 /* NSXMLElement+Children.h */,
				3F5B741F18294CFC000AA889 /* NSXMLElement+Children.m */,
				B9FEAA5B0E01F0C1002165CA /* USParser.h */,
				B9FEAA5C0E01F0C1002165CA /* USParser.m */,
				B9FA269A0DA6E901004C7479 /* USParserApplication.h */,
				B9FA269B0DA6E901004C7479 /* USParserApplication.m */,
				B9FEAA8B0E01F59B002165CA /* USSchema.h */,
				B9FEAA8C0E01F59B002165CA /* USSchema.m */,
				62BFAF760E645D8500E19E18 /* USWriter.h */,
				62BFAF770E645D8500E19E18 /* USWriter.m */,
				B9FEAA860E01F4A0002165CA /* USWSDL.h */,
				B9FEAA870E01F4A0002165CA /* USWSDL.m */,
			);
			path = Classes;
			sourceTree = "<group>";
		};
		F4FAC3071227EE9F006B61BC /* CLI */ = {
			isa = PBXGroup;
			children = (
				F4FAC3061227EE32006B61BC /* Info.plist */,
				F4FAC2C21227E7DF006B61BC /* main.m */,
			);
			name = CLI;
			sourceTree = "<group>";
		};
/* End PBXGroup section */

/* Begin PBXNativeTarget section */
		6235ED0B0E63887A00DABBD6 /* WSDLParser */ = {
			isa = PBXNativeTarget;
			buildConfigurationList = 6235ED110E63887B00DABBD6 /* Build configuration list for PBXNativeTarget "WSDLParser" */;
			buildPhases = (
				6235ED080E63887A00DABBD6 /* Resources */,
				6235ED090E63887A00DABBD6 /* Sources */,
				6235ED0A0E63887A00DABBD6 /* Frameworks */,
			);
			buildRules = (
			);
			dependencies = (
			);
			name = WSDLParser;
			productName = WSDL2ObjC;
			productReference = 6235ED0C0E63887A00DABBD6 /* WSDLParser.app */;
			productType = "com.apple.product-type.application";
		};
		F4FAC2921227E364006B61BC /* wsdl2objc */ = {
			isa = PBXNativeTarget;
			buildConfigurationList = F4FAC2971227E3A7006B61BC /* Build configuration list for PBXNativeTarget "wsdl2objc" */;
			buildPhases = (
				F4FAC2901227E364006B61BC /* Sources */,
				F4FAC2911227E364006B61BC /* Frameworks */,
			);
			buildRules = (
			);
			dependencies = (
			);
			name = wsdl2objc;
			productName = wsdl2objc;
			productReference = F4FAC2931227E364006B61BC /* wsdl2objc */;
			productType = "com.apple.product-type.tool";
		};
/* End PBXNativeTarget section */

/* Begin PBXProject section */
		08FB7793FE84155DC02AAC07 /* Project object */ = {
			isa = PBXProject;
			attributes = {
				LastUpgradeCheck = 0500;
			};
			buildConfigurationList = 1DEB927808733DD40010E9CD /* Build configuration list for PBXProject "WSDLParser" */;
			compatibilityVersion = "Xcode 3.2";
			developmentRegion = English;
			hasScannedForEncodings = 1;
			knownRegions = (
				English,
				Japanese,
				French,
				German,
			);
			mainGroup = 08FB7794FE84155DC02AAC07 /* WSDLParser */;
			projectDirPath = "";
			projectRoot = "";
			targets = (
				6235ED0B0E63887A00DABBD6 /* WSDLParser */,
				F4FAC2921227E364006B61BC /* wsdl2objc */,
			);
		};
/* End PBXProject section */

/* Begin PBXResourcesBuildPhase section */
		6235ED080E63887A00DABBD6 /* Resources */ = {
			isa = PBXResourcesBuildPhase;
			buildActionMask = 2147483647;
			files = (
				3F36202D1832882F00EB446D /* ArrayType_H.template in Resources */,
				3F36202E1832882F00EB446D /* ArrayType_M.template in Resources */,
				624065F80E70B1F6006BEB94 /* Binding_H.template in Resources */,
				624065F90E70B1F6006BEB94 /* Binding_M.template in Resources */,
				3F3620251831D3C000EB446D /* ChoiceType_H.template in Resources */,
				3F3620261831D3C000EB446D /* ChoiceType_M.template in Resources */,
				621D446C0E6E0BD200CEF901 /* ComplexType_H.template in Resources */,
				621D446D0E6E0BD200CEF901 /* ComplexType_M.template in Resources */,
				3F36202F1832882F00EB446D /* EnumType_H.template in Resources */,
				3F3620301832882F00EB446D /* EnumType_M.template in Resources */,
				6235EE6F0E63897300DABBD6 /* MainMenu.xib in Resources */,
				62BF42350E72099000FA8190 /* NSDate+ISO8601Parsing_H.template in Resources */,
				62BF42360E72099000FA8190 /* NSDate+ISO8601Parsing_M.template in Resources */,
				62BF42370E72099000FA8190 /* NSDate+ISO8601Unparsing_H.template in Resources */,
				62BF42380E72099000FA8190 /* NSDate+ISO8601Unparsing_M.template in Resources */,
				3F3620311832882F00EB446D /* PrimitiveType_H.template in Resources */,
				3F3620321832882F00EB446D /* PrimitiveType_M.template in Resources */,
				621D44700E6E0BD200CEF901 /* Schema_H.template in Resources */,
				621D44710E6E0BD200CEF901 /* Schema_M.template in Resources */,
				6240653B0E70A6B0006BEB94 /* Service_H.template in Resources */,
				6240653C0E70A6B0006BEB94 /* Service_M.template in Resources */,
				62BF41B90E72009F00FA8190 /* USAdditions_H.template in Resources */,
				62BF41BA0E72009F00FA8190 /* USAdditions_M.template in Resources */,
				62FF1F670E883F1D006D6377 /* USGlobals_H.template in Resources */,
				62FF1F680E883F1D006D6377 /* USGlobals_M.template in Resources */,
			);
			runOnlyForDeploymentPostprocessing = 0;
		};
/* End PBXResourcesBuildPhase section */

/* Begin PBXSourcesBuildPhase section */
		6235ED090E63887A00DABBD6 /* Sources */ = {
			isa = PBXSourcesBuildPhase;
			buildActionMask = 2147483647;
			files = (
				6235EE970E638B7B00DABBD6 /* LIFO.m in Sources */,
				3F1F0FFC183134CE0061E2AB /* NSArray+USAdditions.m in Sources */,
				F4FAC31D1227F0F9006B61BC /* NSBundle+USAdditions.m in Sources */,
				623346330E759A5A0094F6F1 /* NSString+USAdditions.m in Sources */,
				3F5B742018294CFC000AA889 /* NSXMLElement+Children.m in Sources */,
				6235EE980E638B7B00DABBD6 /* STSNullError.m in Sources */,
				6235EE990E638B7B00DABBD6 /* STSStringOps.m in Sources */,
				6235EE9A0E638B7B00DABBD6 /* STSTemplateEngine.m in Sources */,
				6235EE9B0E638B7B00DABBD6 /* STSTemplateEngineErrors.m in Sources */,
				6235EE9C0E638B7B00DABBD6 /* USAttribute.m in Sources */,
				624064770E709575006BEB94 /* USBinding.m in Sources */,
				62E6332E0E676DF40072DBDD /* USElement.m in Sources */,
				6240636C0E708294006BEB94 /* USMessage.m in Sources */,
				621D44F60E6E133400CEF901 /* USObjCKeywords.m in Sources */,
				624063710E7082C9006BEB94 /* USOperation.m in Sources */,
				624063770E708572006BEB94 /* USOperationInterface.m in Sources */,
				62ADD39A0E6890140052979D /* USParser+Types.m in Sources */,
				6235EE9F0E638B7B00DABBD6 /* USParser.m in Sources */,
				6235EEA00E638B7B00DABBD6 /* USParserApplication.m in Sources */,
				624064900E709FAC006BEB94 /* USPort.m in Sources */,
				624063690E70827A006BEB94 /* USPortType.m in Sources */,
				6235EEA10E638B7B00DABBD6 /* USSchema.m in Sources */,
				6240648D0E709F6B006BEB94 /* USService.m in Sources */,
				62BFB31E0E64D15900E19E18 /* USType.m in Sources */,
				62BFAF790E645D8500E19E18 /* USWriter.m in Sources */,
				6235EEA50E638B7B00DABBD6 /* USWSDL.m in Sources */,
				6235EEA60E638B7B00DABBD6 /* WSDLParser.m in Sources */,
			);
			runOnlyForDeploymentPostprocessing = 0;
		};
		F4FAC2901227E364006B61BC /* Sources */ = {
			isa = PBXSourcesBuildPhase;
			buildActionMask = 2147483647;
			files = (
				F4FAC2B51227E4F0006B61BC /* LIFO.m in Sources */,
				F4FAC2C31227E7DF006B61BC /* main.m in Sources */,
				F4FAC31C1227F0F9006B61BC /* NSBundle+USAdditions.m in Sources */,
				F4FAC29B1227E4BE006B61BC /* NSString+USAdditions.m in Sources */,
				3F5B742118294CFC000AA889 /* NSXMLElement+Children.m in Sources */,
				F4FAC2B61227E4F2006B61BC /* STSNullError.m in Sources */,
				F4FAC2B71227E4F3006B61BC /* STSStringOps.m in Sources */,
				F4FAC2B81227E4F4006B61BC /* STSTemplateEngine.m in Sources */,
				F4FAC2B91227E4F6006B61BC /* STSTemplateEngineErrors.m in Sources */,
				F4FAC29E1227E4C5006B61BC /* USAttribute.m in Sources */,
				F4FAC29F1227E4C7006B61BC /* USBinding.m in Sources */,
				F4FAC2A01227E4C8006B61BC /* USElement.m in Sources */,
				F4FAC2A11227E4C9006B61BC /* USMessage.m in Sources */,
				F4FAC29C1227E4BF006B61BC /* USObjCKeywords.m in Sources */,
				F4FAC2A21227E4CA006B61BC /* USOperation.m in Sources */,
				F4FAC2A41227E4CD006B61BC /* USOperationInterface.m in Sources */,
				F4FAC2A91227E4D5006B61BC /* USParser+Types.m in Sources */,
				F4FAC2AA1227E4D6006B61BC /* USParser.m in Sources */,
				F4FAC2AB1227E4DA006B61BC /* USParserApplication.m in Sources */,
				F4FAC2AD1227E4DC006B61BC /* USPort.m in Sources */,
				F4FAC2AE1227E4DD006B61BC /* USPortType.m in Sources */,
				F4FAC2AF1227E4DF006B61BC /* USSchema.m in Sources */,
				F4FAC2B11227E4E3006B61BC /* USService.m in Sources */,
				F4FAC2B21227E4E4006B61BC /* USType.m in Sources */,
				F4FAC2B31227E4E5006B61BC /* USWriter.m in Sources */,
				F4FAC2B41227E4E6006B61BC /* USWSDL.m in Sources */,
			);
			runOnlyForDeploymentPostprocessing = 0;
		};
/* End PBXSourcesBuildPhase section */

/* Begin XCBuildConfiguration section */
		1DEB927908733DD40010E9CD /* Debug */ = {
			isa = XCBuildConfiguration;
			buildSettings = {
				CLANG_ENABLE_MODULES = NO;
				CLANG_WARN_DEPRECATED_OBJC_IMPLEMENTATIONS = YES;
				CLANG_WARN_OBJC_EXPLICIT_OWNERSHIP_TYPE = NO;
				CLANG_WARN_OBJC_IMPLICIT_ATOMIC_PROPERTIES = YES;
				CLANG_WARN_OBJC_IMPLICIT_RETAIN_SELF = YES;
				CLANG_WARN_SUSPICIOUS_IMPLICIT_CONVERSION = YES;
				CLANG_WARN__DUPLICATE_METHOD_MATCH = YES;
				GCC_TREAT_IMPLICIT_FUNCTION_DECLARATIONS_AS_ERRORS = YES;
				GCC_TREAT_INCOMPATIBLE_POINTER_TYPE_WARNINGS_AS_ERRORS = YES;
				GCC_WARN_ABOUT_MISSING_NEWLINE = YES;
				GCC_WARN_ABOUT_MISSING_PROTOTYPES = YES;
				GCC_WARN_ABOUT_RETURN_TYPE = YES;
				GCC_WARN_PEDANTIC = NO;
				GCC_WARN_SHADOW = YES;
				GCC_WARN_UNDECLARED_SELECTOR = YES;
				GCC_WARN_UNINITIALIZED_AUTOS = YES;
				GCC_WARN_UNUSED_FUNCTION = YES;
				GCC_WARN_UNUSED_VARIABLE = YES;
				MACOSX_DEPLOYMENT_TARGET = 10.6;
				ONLY_ACTIVE_ARCH = YES;
				SDKROOT = "";
				WARNING_CFLAGS = "-Wall";
			};
			name = Debug;
		};
		1DEB927A08733DD40010E9CD /* Release */ = {
			isa = XCBuildConfiguration;
			buildSettings = {
				CLANG_ENABLE_MODULES = NO;
				CLANG_WARN_DEPRECATED_OBJC_IMPLEMENTATIONS = YES;
				CLANG_WARN_OBJC_EXPLICIT_OWNERSHIP_TYPE = NO;
				CLANG_WARN_OBJC_IMPLICIT_ATOMIC_PROPERTIES = YES;
				CLANG_WARN_OBJC_IMPLICIT_RETAIN_SELF = YES;
				CLANG_WARN_SUSPICIOUS_IMPLICIT_CONVERSION = YES;
				CLANG_WARN__DUPLICATE_METHOD_MATCH = YES;
				DEBUG_INFORMATION_FORMAT = dwarf;
				GCC_TREAT_IMPLICIT_FUNCTION_DECLARATIONS_AS_ERRORS = YES;
				GCC_TREAT_INCOMPATIBLE_POINTER_TYPE_WARNINGS_AS_ERRORS = YES;
				GCC_WARN_ABOUT_MISSING_NEWLINE = YES;
				GCC_WARN_ABOUT_MISSING_PROTOTYPES = YES;
				GCC_WARN_ABOUT_RETURN_TYPE = YES;
				GCC_WARN_PEDANTIC = NO;
				GCC_WARN_SHADOW = YES;
				GCC_WARN_UNDECLARED_SELECTOR = YES;
				GCC_WARN_UNINITIALIZED_AUTOS = YES;
				GCC_WARN_UNUSED_FUNCTION = YES;
				GCC_WARN_UNUSED_VARIABLE = YES;
				MACOSX_DEPLOYMENT_TARGET = 10.6;
				SDKROOT = "";
			};
			name = Release;
		};
		6235ED0F0E63887B00DABBD6 /* Debug */ = {
			isa = XCBuildConfiguration;
			buildSettings = {
				ALWAYS_SEARCH_USER_PATHS = NO;
				CLANG_ENABLE_OBJC_ARC = YES;
				COMBINE_HIDPI_IMAGES = YES;
				COPY_PHASE_STRIP = NO;
				GCC_OPTIMIZATION_LEVEL = 0;
				GCC_PRECOMPILE_PREFIX_HEADER = YES;
				GCC_PREFIX_HEADER = "$(SYSTEM_LIBRARY_DIR)/Frameworks/AppKit.framework/Headers/AppKit.h";
				GCC_VERSION = com.apple.compilers.llvm.clang.1_0;
				INFOPLIST_FILE = "WSDL2ObjC-Info.plist";
				INSTALL_PATH = "$(HOME)/Applications";
				MACOSX_DEPLOYMENT_TARGET = 10.6.8;
				OTHER_LDFLAGS = (
					"-framework",
					Foundation,
					"-framework",
					AppKit,
				);
				PRODUCT_NAME = WSDLParser;
				SDKROOT = macosx;
			};
			name = Debug;
		};
		6235ED100E63887B00DABBD6 /* Release */ = {
			isa = XCBuildConfiguration;
			buildSettings = {
				ALWAYS_SEARCH_USER_PATHS = NO;
				CLANG_ENABLE_OBJC_ARC = YES;
				COMBINE_HIDPI_IMAGES = YES;
				DEAD_CODE_STRIPPING = YES;
				DEBUG_INFORMATION_FORMAT = "dwarf-with-dsym";
				DEPLOYMENT_LOCATION = YES;
				DEPLOYMENT_POSTPROCESSING = YES;
				GCC_GENERATE_DEBUGGING_SYMBOLS = NO;
				GCC_PRECOMPILE_PREFIX_HEADER = YES;
				GCC_PREFIX_HEADER = "$(SYSTEM_LIBRARY_DIR)/Frameworks/AppKit.framework/Headers/AppKit.h";
				GCC_VERSION = com.apple.compilers.llvm.clang.1_0;
				INFOPLIST_FILE = "WSDL2ObjC-Info.plist";
				INSTALL_PATH = "$(HOME)/Applications";
				MACOSX_DEPLOYMENT_TARGET = 10.6.8;
				OTHER_LDFLAGS = (
					"-framework",
					Foundation,
					"-framework",
					AppKit,
				);
				PRODUCT_NAME = WSDLParser;
				SDKROOT = macosx;
				WARNING_CFLAGS = "-Wall";
			};
			name = Release;
		};
		F4FAC2951227E366006B61BC /* Debug */ = {
			isa = XCBuildConfiguration;
			buildSettings = {
				ALWAYS_SEARCH_USER_PATHS = NO;
				CLANG_ENABLE_OBJC_ARC = YES;
				COPY_PHASE_STRIP = NO;
				GCC_OPTIMIZATION_LEVEL = 0;
				GCC_PRECOMPILE_PREFIX_HEADER = YES;
				GCC_PREFIX_HEADER = "$(SYSTEM_LIBRARY_DIR)/Frameworks/Foundation.framework/Headers/Foundation.h";
				INSTALL_PATH = /usr/local/bin;
				MACOSX_DEPLOYMENT_TARGET = 10.6.8;
				OTHER_LDFLAGS = (
					"-sectcreate",
					__TEXT,
					__info_plist,
					Info.plist,
					"-framework",
					Foundation,
				);
				PRODUCT_NAME = wsdl2objc;
				SDKROOT = macosx;
			};
			name = Debug;
		};
		F4FAC2961227E366006B61BC /* Release */ = {
			isa = XCBuildConfiguration;
			buildSettings = {
				ALWAYS_SEARCH_USER_PATHS = NO;
				CLANG_ENABLE_OBJC_ARC = YES;
				DEAD_CODE_STRIPPING = YES;
				DEBUG_INFORMATION_FORMAT = "dwarf-with-dsym";
				DEPLOYMENT_LOCATION = YES;
				DEPLOYMENT_POSTPROCESSING = YES;
				GCC_GENERATE_DEBUGGING_SYMBOLS = NO;
				GCC_PRECOMPILE_PREFIX_HEADER = YES;
				GCC_PREFIX_HEADER = "$(SYSTEM_LIBRARY_DIR)/Frameworks/Foundation.framework/Headers/Foundation.h";
				INSTALL_PATH = /usr/local/bin;
				MACOSX_DEPLOYMENT_TARGET = 10.6.8;
				OTHER_LDFLAGS = (
					"-sectcreate",
					__TEXT,
					__info_plist,
					Info.plist,
					"-framework",
					Foundation,
				);
				PRODUCT_NAME = wsdl2objc;
				SDKROOT = macosx;
				WARNING_CFLAGS = "-Wall";
			};
			name = Release;
		};
/* End XCBuildConfiguration section */

/* Begin XCConfigurationList section */
		1DEB927808733DD40010E9CD /* Build configuration list for PBXProject "WSDLParser" */ = {
			isa = XCConfigurationList;
			buildConfigurations = (
				1DEB927908733DD40010E9CD /* Debug */,
				1DEB927A08733DD40010E9CD /* Release */,
			);
			defaultConfigurationIsVisible = 0;
			defaultConfigurationName = Release;
		};
		6235ED110E63887B00DABBD6 /* Build configuration list for PBXNativeTarget "WSDLParser" */ = {
			isa = XCConfigurationList;
			buildConfigurations = (
				6235ED0F0E63887B00DABBD6 /* Debug */,
				6235ED100E63887B00DABBD6 /* Release */,
			);
			defaultConfigurationIsVisible = 0;
			defaultConfigurationName = Release;
		};
		F4FAC2971227E3A7006B61BC /* Build configuration list for PBXNativeTarget "wsdl2objc" */ = {
			isa = XCConfigurationList;
			buildConfigurations = (
				F4FAC2951227E366006B61BC /* Debug */,
				F4FAC2961227E366006B61BC /* Release */,
			);
			defaultConfigurationIsVisible = 0;
			defaultConfigurationName = Release;
		};
/* End XCConfigurationList section */
	};
	rootObject = 08FB7793FE84155DC02AAC07 /* Project object */;
}
